{
  "name": "weapp",
  "version": "0.0.1",
  "lockfileVersion": 1,
  "requires": true,
  "dependencies": {
    "weui-miniprogram": {
      "version": "0.1.8",
      "resolved": "https://registry.npmjs.org/weui-miniprogram/-/weui-miniprogram-0.1.8.tgz",
      "integrity": "sha512-VbWIheWuQfHIMpEOY9m0m9s4Yuc1NKnEsNP3CGQJlB31YLR7WBs5SW8rXSAbhg8kzJrqkCwQ9wZuAon/spUvIg=="
    }
  }
}
